
Microsoft Visual Studio Solution File, Format Version 11.00
# Visual Studio 2010
Project("{FAE04EC0-301F-11D3-BF4B-00C04F79EFBC}") = "Project-EverhartGame", "Assembly-CSharp.csproj", "{2245533D-CCC1-1872-160E-DDE42FE32815}"
EndProject
Project("{FAE04EC0-301F-11D3-BF4B-00C04F79EFBC}") = "Project-EverhartGame", "Assembly-CSharp-Editor.csproj", "{84B89BCB-17EE-3F7A-221D-C5CF9E878CE3}"
EndProject
Global
	GlobalSection(SolutionConfigurationPlatforms) = preSolution
		Debug|Any CPU = Debug|Any CPU
		Release|Any CPU = Release|Any CPU
	EndGlobalSection
	GlobalSection(ProjectConfigurationPlatforms) = postSolution
		{2245533D-CCC1-1872-160E-DDE42FE32815}.Debug|Any CPU.ActiveCfg = Debug|Any CPU
		{2245533D-CCC1-1872-160E-DDE42FE32815}.Debug|Any CPU.Build.0 = Debug|Any CPU
		{2245533D-CCC1-1872-160E-DDE42FE32815}.Release|Any CPU.ActiveCfg = Release|Any CPU
		{2245533D-CCC1-1872-160E-DDE42FE32815}.Release|Any CPU.Build.0 = Release|Any CPU
		{84B89BCB-17EE-3F7A-221D-C5CF9E878CE3}.Debug|Any CPU.ActiveCfg = Debug|Any CPU
		{84B89BCB-17EE-3F7A-221D-C5CF9E878CE3}.Debug|Any CPU.Build.0 = Debug|Any CPU
		{84B89BCB-17EE-3F7A-221D-C5CF9E878CE3}.Release|Any CPU.ActiveCfg = Release|Any CPU
		{84B89BCB-17EE-3F7A-221D-C5CF9E878CE3}.Release|Any CPU.Build.0 = Release|Any CPU
	EndGlobalSection
	GlobalSection(SolutionProperties) = preSolution
		HideSolutionNode = FALSE
	EndGlobalSection
	GlobalSection(MonoDevelopProperties) = preSolution
		StartupItem = Assembly-CSharp.csproj
	EndGlobalSection
EndGlobal
