
Microsoft Visual Studio Solution File, Format Version 12.00
# Visual Studio 2017
Project("{FAE04EC0-301F-11D3-BF4B-00C04F79EFBC}") = "Project-Everhart-master", "Project-Everhart-master.csproj", "{F10F2637-96A3-F6F0-1ABA-4E756C9A2277}"
EndProject
Project("{FAE04EC0-301F-11D3-BF4B-00C04F79EFBC}") = "Project-Everhart-master.Editor", "Project-Everhart-master.Editor.csproj", "{E9B7D8B3-B0CB-0BDE-6E28-AFB4822ED5ED}"
EndProject
Global
	GlobalSection(SolutionConfigurationPlatforms) = preSolution
		Debug|Any CPU = Debug|Any CPU
		Release|Any CPU = Release|Any CPU
	EndGlobalSection
	GlobalSection(ProjectConfigurationPlatforms) = postSolution
		{F10F2637-96A3-F6F0-1ABA-4E756C9A2277}.Debug|Any CPU.ActiveCfg = Debug|Any CPU
		{F10F2637-96A3-F6F0-1ABA-4E756C9A2277}.Debug|Any CPU.Build.0 = Debug|Any CPU
		{F10F2637-96A3-F6F0-1ABA-4E756C9A2277}.Release|Any CPU.ActiveCfg = Release|Any CPU
		{F10F2637-96A3-F6F0-1ABA-4E756C9A2277}.Release|Any CPU.Build.0 = Release|Any CPU
		{E9B7D8B3-B0CB-0BDE-6E28-AFB4822ED5ED}.Debug|Any CPU.ActiveCfg = Debug|Any CPU
		{E9B7D8B3-B0CB-0BDE-6E28-AFB4822ED5ED}.Debug|Any CPU.Build.0 = Debug|Any CPU
		{E9B7D8B3-B0CB-0BDE-6E28-AFB4822ED5ED}.Release|Any CPU.ActiveCfg = Release|Any CPU
		{E9B7D8B3-B0CB-0BDE-6E28-AFB4822ED5ED}.Release|Any CPU.Build.0 = Release|Any CPU
	EndGlobalSection
	GlobalSection(SolutionProperties) = preSolution
		HideSolutionNode = FALSE
	EndGlobalSection
EndGlobal
